
Microsoft Visual Studio Solution File, Format Version 12.00
# Visual Studio Version 16
VisualStudioVersion = 16.0.30523.141
MinimumVisualStudioVersion = 10.0.40219.1
Project("{2150E333-8FDC-42A3-9474-1A3956D46DE8}") = "Services", "Services", "{85293E12-99AC-4AAB-BBD3-63B432E1A081}"
EndProject
Project("{2150E333-8FDC-42A3-9474-1A3956D46DE8}") = "Catalog", "Catalog", "{56D8C01B-28F5-44DD-A2BB-F62E0B685234}"
EndProject
Project("{FAE04EC0-301F-11D3-BF4B-00C04F79EFBC}") = "Catalog.API", "Services\Catalog\Catalog.API\Catalog.API.csproj", "{5EFC48FC-ACF1-4ACC-8424-38560989F11A}"
EndProject
Project("{E53339B2-1760-4266-BCC7-CA923CBCF16C}") = "docker-compose", "docker-compose.dcproj", "{9C8C624B-4887-4616-ADA2-B3957A067494}"
EndProject
Project("{2150E333-8FDC-42A3-9474-1A3956D46DE8}") = "Basket", "Basket", "{68A9C716-8335-464C-BB99-EF60D0461805}"
EndProject
Project("{FAE04EC0-301F-11D3-BF4B-00C04F79EFBC}") = "Basket.API", "Services\Basket\Basket.API\Basket.API.csproj", "{893ED7E9-3666-4256-8EA5-5539F5D70241}"
EndProject
Project("{2150E333-8FDC-42A3-9474-1A3956D46DE8}") = "Discount", "Discount", "{113C4056-8597-4468-ACDA-293170B0075C}"
EndProject
Project("{FAE04EC0-301F-11D3-BF4B-00C04F79EFBC}") = "Discount.API", "Services\Discount\Discount.API\Discount.API.csproj", "{D4885212-7FDF-49D8-ADA3-A7F667F39890}"
EndProject
Global
	GlobalSection(SolutionConfigurationPlatforms) = preSolution
		Debug|Any CPU = Debug|Any CPU
		Release|Any CPU = Release|Any CPU
	EndGlobalSection
	GlobalSection(ProjectConfigurationPlatforms) = postSolution
		{5EFC48FC-ACF1-4ACC-8424-38560989F11A}.Debug|Any CPU.ActiveCfg = Debug|Any CPU
		{5EFC48FC-ACF1-4ACC-8424-38560989F11A}.Debug|Any CPU.Build.0 = Debug|Any CPU
		{5EFC48FC-ACF1-4ACC-8424-38560989F11A}.Release|Any CPU.ActiveCfg = Release|Any CPU
		{5EFC48FC-ACF1-4ACC-8424-38560989F11A}.Release|Any CPU.Build.0 = Release|Any CPU
		{9C8C624B-4887-4616-ADA2-B3957A067494}.Debug|Any CPU.ActiveCfg = Debug|Any CPU
		{9C8C624B-4887-4616-ADA2-B3957A067494}.Debug|Any CPU.Build.0 = Debug|Any CPU
		{9C8C624B-4887-4616-ADA2-B3957A067494}.Release|Any CPU.ActiveCfg = Release|Any CPU
		{9C8C624B-4887-4616-ADA2-B3957A067494}.Release|Any CPU.Build.0 = Release|Any CPU
		{893ED7E9-3666-4256-8EA5-5539F5D70241}.Debug|Any CPU.ActiveCfg = Debug|Any CPU
		{893ED7E9-3666-4256-8EA5-5539F5D70241}.Debug|Any CPU.Build.0 = Debug|Any CPU
		{893ED7E9-3666-4256-8EA5-5539F5D70241}.Release|Any CPU.ActiveCfg = Release|Any CPU
		{893ED7E9-3666-4256-8EA5-5539F5D70241}.Release|Any CPU.Build.0 = Release|Any CPU
		{D4885212-7FDF-49D8-ADA3-A7F667F39890}.Debug|Any CPU.ActiveCfg = Debug|Any CPU
		{D4885212-7FDF-49D8-ADA3-A7F667F39890}.Debug|Any CPU.Build.0 = Debug|Any CPU
		{D4885212-7FDF-49D8-ADA3-A7F667F39890}.Release|Any CPU.ActiveCfg = Release|Any CPU
		{D4885212-7FDF-49D8-ADA3-A7F667F39890}.Release|Any CPU.Build.0 = Release|Any CPU
	EndGlobalSection
	GlobalSection(SolutionProperties) = preSolution
		HideSolutionNode = FALSE
	EndGlobalSection
	GlobalSection(NestedProjects) = preSolution
		{56D8C01B-28F5-44DD-A2BB-F62E0B685234} = {85293E12-99AC-4AAB-BBD3-63B432E1A081}
		{5EFC48FC-ACF1-4ACC-8424-38560989F11A} = {56D8C01B-28F5-44DD-A2BB-F62E0B685234}
		{68A9C716-8335-464C-BB99-EF60D0461805} = {85293E12-99AC-4AAB-BBD3-63B432E1A081}
		{893ED7E9-3666-4256-8EA5-5539F5D70241} = {68A9C716-8335-464C-BB99-EF60D0461805}
		{113C4056-8597-4468-ACDA-293170B0075C} = {85293E12-99AC-4AAB-BBD3-63B432E1A081}
		{D4885212-7FDF-49D8-ADA3-A7F667F39890} = {113C4056-8597-4468-ACDA-293170B0075C}
	EndGlobalSection
	GlobalSection(ExtensibilityGlobals) = postSolution
		SolutionGuid = {F348DEA3-FBCC-4DD1-AC72-C4542A1B10D4}
	EndGlobalSection
EndGlobal
