
Microsoft Visual Studio Solution File, Format Version 12.00
# Visual Studio Version 16
VisualStudioVersion = 16.0.30523.141
MinimumVisualStudioVersion = 10.0.40219.1
Project("{2150E333-8FDC-42A3-9474-1A3956D46DE8}") = "Services", "Services", "{85293E12-99AC-4AAB-BBD3-63B432E1A081}"
EndProject
Project("{2150E333-8FDC-42A3-9474-1A3956D46DE8}") = "Catalog", "Catalog", "{56D8C01B-28F5-44DD-A2BB-F62E0B685234}"
EndProject
Project("{FAE04EC0-301F-11D3-BF4B-00C04F79EFBC}") = "Catalog.API", "Services\Catalog\Catalog.API\Catalog.API.csproj", "{5EFC48FC-ACF1-4ACC-8424-38560989F11A}"
EndProject
Global
	GlobalSection(SolutionConfigurationPlatforms) = preSolution
		Debug|Any CPU = Debug|Any CPU
		Release|Any CPU = Release|Any CPU
	EndGlobalSection
	GlobalSection(ProjectConfigurationPlatforms) = postSolution
		{5EFC48FC-ACF1-4ACC-8424-38560989F11A}.Debug|Any CPU.ActiveCfg = Debug|Any CPU
		{5EFC48FC-ACF1-4ACC-8424-38560989F11A}.Debug|Any CPU.Build.0 = Debug|Any CPU
		{5EFC48FC-ACF1-4ACC-8424-38560989F11A}.Release|Any CPU.ActiveCfg = Release|Any CPU
		{5EFC48FC-ACF1-4ACC-8424-38560989F11A}.Release|Any CPU.Build.0 = Release|Any CPU
	EndGlobalSection
	GlobalSection(SolutionProperties) = preSolution
		HideSolutionNode = FALSE
	EndGlobalSection
	GlobalSection(NestedProjects) = preSolution
		{56D8C01B-28F5-44DD-A2BB-F62E0B685234} = {85293E12-99AC-4AAB-BBD3-63B432E1A081}
		{5EFC48FC-ACF1-4ACC-8424-38560989F11A} = {56D8C01B-28F5-44DD-A2BB-F62E0B685234}
	EndGlobalSection
	GlobalSection(ExtensibilityGlobals) = postSolution
		SolutionGuid = {F348DEA3-FBCC-4DD1-AC72-C4542A1B10D4}
	EndGlobalSection
EndGlobal
